
Microsoft Visual Studio Solution File, Format Version 12.00
# Visual Studio Version 16
VisualStudioVersion = 16.0.29411.108
MinimumVisualStudioVersion = 10.0.40219.1
Project("{FAE04EC0-301F-11D3-BF4B-00C04F79EFBC}") = "GoogleMapsClient", "GoogleMapsClient\GoogleMapsClient.csproj", "{2B4A2C69-52D3-4EE8-B6D1-1F4880572325}"
EndProject
Project("{FAE04EC0-301F-11D3-BF4B-00C04F79EFBC}") = "Test", "Test\Test.csproj", "{3EC56CAD-FBD1-4E25-9DA9-ACACEBEFAF51}"
EndProject
Project("{FAE04EC0-301F-11D3-BF4B-00C04F79EFBC}") = "Test.Shared", "Test.Shared\Test.Shared.csproj", "{2F83668B-9EF9-41EF-8738-2DEE91A766EA}"
EndProject
Project("{FAE04EC0-301F-11D3-BF4B-00C04F79EFBC}") = "Test.Automated", "Test.Automated\Test.Automated.csproj", "{861168FB-4F8D-4984-8F5C-3CA71EEA7ECD}"
EndProject
Project("{FAE04EC0-301F-11D3-BF4B-00C04F79EFBC}") = "Test.Xunit", "Test.Xunit\Test.Xunit.csproj", "{738154E4-DF16-4BA1-BD91-D8FC0D65EBB8}"
EndProject
Project("{FAE04EC0-301F-11D3-BF4B-00C04F79EFBC}") = "Test.Nunit", "Test.Nunit\Test.Nunit.csproj", "{8CB8FC5D-A570-421E-AEA8-29D145FD5C87}"
EndProject
Global
	GlobalSection(SolutionConfigurationPlatforms) = preSolution
		Debug|Any CPU = Debug|Any CPU
		Debug|x64 = Debug|x64
		Debug|x86 = Debug|x86
		Release|Any CPU = Release|Any CPU
		Release|x64 = Release|x64
		Release|x86 = Release|x86
	EndGlobalSection
	GlobalSection(ProjectConfigurationPlatforms) = postSolution
		{2B4A2C69-52D3-4EE8-B6D1-1F4880572325}.Debug|Any CPU.ActiveCfg = Debug|Any CPU
		{2B4A2C69-52D3-4EE8-B6D1-1F4880572325}.Debug|Any CPU.Build.0 = Debug|Any CPU
		{2B4A2C69-52D3-4EE8-B6D1-1F4880572325}.Debug|x64.ActiveCfg = Debug|Any CPU
		{2B4A2C69-52D3-4EE8-B6D1-1F4880572325}.Debug|x64.Build.0 = Debug|Any CPU
		{2B4A2C69-52D3-4EE8-B6D1-1F4880572325}.Debug|x86.ActiveCfg = Debug|Any CPU
		{2B4A2C69-52D3-4EE8-B6D1-1F4880572325}.Debug|x86.Build.0 = Debug|Any CPU
		{2B4A2C69-52D3-4EE8-B6D1-1F4880572325}.Release|Any CPU.ActiveCfg = Release|Any CPU
		{2B4A2C69-52D3-4EE8-B6D1-1F4880572325}.Release|Any CPU.Build.0 = Release|Any CPU
		{2B4A2C69-52D3-4EE8-B6D1-1F4880572325}.Release|x64.ActiveCfg = Release|Any CPU
		{2B4A2C69-52D3-4EE8-B6D1-1F4880572325}.Release|x64.Build.0 = Release|Any CPU
		{2B4A2C69-52D3-4EE8-B6D1-1F4880572325}.Release|x86.ActiveCfg = Release|Any CPU
		{2B4A2C69-52D3-4EE8-B6D1-1F4880572325}.Release|x86.Build.0 = Release|Any CPU
		{3EC56CAD-FBD1-4E25-9DA9-ACACEBEFAF51}.Debug|Any CPU.ActiveCfg = Debug|Any CPU
		{3EC56CAD-FBD1-4E25-9DA9-ACACEBEFAF51}.Debug|Any CPU.Build.0 = Debug|Any CPU
		{3EC56CAD-FBD1-4E25-9DA9-ACACEBEFAF51}.Debug|x64.ActiveCfg = Debug|Any CPU
		{3EC56CAD-FBD1-4E25-9DA9-ACACEBEFAF51}.Debug|x64.Build.0 = Debug|Any CPU
		{3EC56CAD-FBD1-4E25-9DA9-ACACEBEFAF51}.Debug|x86.ActiveCfg = Debug|Any CPU
		{3EC56CAD-FBD1-4E25-9DA9-ACACEBEFAF51}.Debug|x86.Build.0 = Debug|Any CPU
		{3EC56CAD-FBD1-4E25-9DA9-ACACEBEFAF51}.Release|Any CPU.ActiveCfg = Release|Any CPU
		{3EC56CAD-FBD1-4E25-9DA9-ACACEBEFAF51}.Release|Any CPU.Build.0 = Release|Any CPU
		{3EC56CAD-FBD1-4E25-9DA9-ACACEBEFAF51}.Release|x64.ActiveCfg = Release|Any CPU
		{3EC56CAD-FBD1-4E25-9DA9-ACACEBEFAF51}.Release|x64.Build.0 = Release|Any CPU
		{3EC56CAD-FBD1-4E25-9DA9-ACACEBEFAF51}.Release|x86.ActiveCfg = Release|Any CPU
		{3EC56CAD-FBD1-4E25-9DA9-ACACEBEFAF51}.Release|x86.Build.0 = Release|Any CPU
		{2F83668B-9EF9-41EF-8738-2DEE91A766EA}.Debug|Any CPU.ActiveCfg = Debug|Any CPU
		{2F83668B-9EF9-41EF-8738-2DEE91A766EA}.Debug|Any CPU.Build.0 = Debug|Any CPU
		{2F83668B-9EF9-41EF-8738-2DEE91A766EA}.Debug|x64.ActiveCfg = Debug|Any CPU
		{2F83668B-9EF9-41EF-8738-2DEE91A766EA}.Debug|x64.Build.0 = Debug|Any CPU
		{2F83668B-9EF9-41EF-8738-2DEE91A766EA}.Debug|x86.ActiveCfg = Debug|Any CPU
		{2F83668B-9EF9-41EF-8738-2DEE91A766EA}.Debug|x86.Build.0 = Debug|Any CPU
		{2F83668B-9EF9-41EF-8738-2DEE91A766EA}.Release|Any CPU.ActiveCfg = Release|Any CPU
		{2F83668B-9EF9-41EF-8738-2DEE91A766EA}.Release|Any CPU.Build.0 = Release|Any CPU
		{2F83668B-9EF9-41EF-8738-2DEE91A766EA}.Release|x64.ActiveCfg = Release|Any CPU
		{2F83668B-9EF9-41EF-8738-2DEE91A766EA}.Release|x64.Build.0 = Release|Any CPU
		{2F83668B-9EF9-41EF-8738-2DEE91A766EA}.Release|x86.ActiveCfg = Release|Any CPU
		{2F83668B-9EF9-41EF-8738-2DEE91A766EA}.Release|x86.Build.0 = Release|Any CPU
		{861168FB-4F8D-4984-8F5C-3CA71EEA7ECD}.Debug|Any CPU.ActiveCfg = Debug|Any CPU
		{861168FB-4F8D-4984-8F5C-3CA71EEA7ECD}.Debug|Any CPU.Build.0 = Debug|Any CPU
		{861168FB-4F8D-4984-8F5C-3CA71EEA7ECD}.Debug|x64.ActiveCfg = Debug|Any CPU
		{861168FB-4F8D-4984-8F5C-3CA71EEA7ECD}.Debug|x64.Build.0 = Debug|Any CPU
		{861168FB-4F8D-4984-8F5C-3CA71EEA7ECD}.Debug|x86.ActiveCfg = Debug|Any CPU
		{861168FB-4F8D-4984-8F5C-3CA71EEA7ECD}.Debug|x86.Build.0 = Debug|Any CPU
		{861168FB-4F8D-4984-8F5C-3CA71EEA7ECD}.Release|Any CPU.ActiveCfg = Release|Any CPU
		{861168FB-4F8D-4984-8F5C-3CA71EEA7ECD}.Release|Any CPU.Build.0 = Release|Any CPU
		{861168FB-4F8D-4984-8F5C-3CA71EEA7ECD}.Release|x64.ActiveCfg = Release|Any CPU
		{861168FB-4F8D-4984-8F5C-3CA71EEA7ECD}.Release|x64.Build.0 = Release|Any CPU
		{861168FB-4F8D-4984-8F5C-3CA71EEA7ECD}.Release|x86.ActiveCfg = Release|Any CPU
		{861168FB-4F8D-4984-8F5C-3CA71EEA7ECD}.Release|x86.Build.0 = Release|Any CPU
		{738154E4-DF16-4BA1-BD91-D8FC0D65EBB8}.Debug|Any CPU.ActiveCfg = Debug|Any CPU
		{738154E4-DF16-4BA1-BD91-D8FC0D65EBB8}.Debug|Any CPU.Build.0 = Debug|Any CPU
		{738154E4-DF16-4BA1-BD91-D8FC0D65EBB8}.Debug|x64.ActiveCfg = Debug|Any CPU
		{738154E4-DF16-4BA1-BD91-D8FC0D65EBB8}.Debug|x64.Build.0 = Debug|Any CPU
		{738154E4-DF16-4BA1-BD91-D8FC0D65EBB8}.Debug|x86.ActiveCfg = Debug|Any CPU
		{738154E4-DF16-4BA1-BD91-D8FC0D65EBB8}.Debug|x86.Build.0 = Debug|Any CPU
		{738154E4-DF16-4BA1-BD91-D8FC0D65EBB8}.Release|Any CPU.ActiveCfg = Release|Any CPU
		{738154E4-DF16-4BA1-BD91-D8FC0D65EBB8}.Release|Any CPU.Build.0 = Release|Any CPU
		{738154E4-DF16-4BA1-BD91-D8FC0D65EBB8}.Release|x64.ActiveCfg = Release|Any CPU
		{738154E4-DF16-4BA1-BD91-D8FC0D65EBB8}.Release|x64.Build.0 = Release|Any CPU
		{738154E4-DF16-4BA1-BD91-D8FC0D65EBB8}.Release|x86.ActiveCfg = Release|Any CPU
		{738154E4-DF16-4BA1-BD91-D8FC0D65EBB8}.Release|x86.Build.0 = Release|Any CPU
		{8CB8FC5D-A570-421E-AEA8-29D145FD5C87}.Debug|Any CPU.ActiveCfg = Debug|Any CPU
		{8CB8FC5D-A570-421E-AEA8-29D145FD5C87}.Debug|Any CPU.Build.0 = Debug|Any CPU
		{8CB8FC5D-A570-421E-AEA8-29D145FD5C87}.Debug|x64.ActiveCfg = Debug|Any CPU
		{8CB8FC5D-A570-421E-AEA8-29D145FD5C87}.Debug|x64.Build.0 = Debug|Any CPU
		{8CB8FC5D-A570-421E-AEA8-29D145FD5C87}.Debug|x86.ActiveCfg = Debug|Any CPU
		{8CB8FC5D-A570-421E-AEA8-29D145FD5C87}.Debug|x86.Build.0 = Debug|Any CPU
		{8CB8FC5D-A570-421E-AEA8-29D145FD5C87}.Release|Any CPU.ActiveCfg = Release|Any CPU
		{8CB8FC5D-A570-421E-AEA8-29D145FD5C87}.Release|Any CPU.Build.0 = Release|Any CPU
		{8CB8FC5D-A570-421E-AEA8-29D145FD5C87}.Release|x64.ActiveCfg = Release|Any CPU
		{8CB8FC5D-A570-421E-AEA8-29D145FD5C87}.Release|x64.Build.0 = Release|Any CPU
		{8CB8FC5D-A570-421E-AEA8-29D145FD5C87}.Release|x86.ActiveCfg = Release|Any CPU
		{8CB8FC5D-A570-421E-AEA8-29D145FD5C87}.Release|x86.Build.0 = Release|Any CPU
	EndGlobalSection
	GlobalSection(SolutionProperties) = preSolution
		HideSolutionNode = FALSE
	EndGlobalSection
	GlobalSection(ExtensibilityGlobals) = postSolution
		SolutionGuid = {90697D5D-AF17-4ECB-B944-6B2BDBB82DBE}
	EndGlobalSection
EndGlobal
