
Microsoft Visual Studio Solution File, Format Version 12.00
# Visual Studio Version 16
VisualStudioVersion = 16.0.29411.108
MinimumVisualStudioVersion = 10.0.40219.1
Project("{FAE04EC0-301F-11D3-BF4B-00C04F79EFBC}") = "GoogleMapsClient", "GoogleMapsClient\GoogleMapsClient.csproj", "{2B4A2C69-52D3-4EE8-B6D1-1F4880572325}"
EndProject
Project("{FAE04EC0-301F-11D3-BF4B-00C04F79EFBC}") = "Test", "Test\Test.csproj", "{3EC56CAD-FBD1-4E25-9DA9-ACACEBEFAF51}"
EndProject
Global
	GlobalSection(SolutionConfigurationPlatforms) = preSolution
		Debug|Any CPU = Debug|Any CPU
		Release|Any CPU = Release|Any CPU
	EndGlobalSection
	GlobalSection(ProjectConfigurationPlatforms) = postSolution
		{2B4A2C69-52D3-4EE8-B6D1-1F4880572325}.Debug|Any CPU.ActiveCfg = Debug|Any CPU
		{2B4A2C69-52D3-4EE8-B6D1-1F4880572325}.Debug|Any CPU.Build.0 = Debug|Any CPU
		{2B4A2C69-52D3-4EE8-B6D1-1F4880572325}.Release|Any CPU.ActiveCfg = Release|Any CPU
		{2B4A2C69-52D3-4EE8-B6D1-1F4880572325}.Release|Any CPU.Build.0 = Release|Any CPU
		{3EC56CAD-FBD1-4E25-9DA9-ACACEBEFAF51}.Debug|Any CPU.ActiveCfg = Debug|Any CPU
		{3EC56CAD-FBD1-4E25-9DA9-ACACEBEFAF51}.Debug|Any CPU.Build.0 = Debug|Any CPU
		{3EC56CAD-FBD1-4E25-9DA9-ACACEBEFAF51}.Release|Any CPU.ActiveCfg = Release|Any CPU
		{3EC56CAD-FBD1-4E25-9DA9-ACACEBEFAF51}.Release|Any CPU.Build.0 = Release|Any CPU
	EndGlobalSection
	GlobalSection(SolutionProperties) = preSolution
		HideSolutionNode = FALSE
	EndGlobalSection
	GlobalSection(ExtensibilityGlobals) = postSolution
		SolutionGuid = {90697D5D-AF17-4ECB-B944-6B2BDBB82DBE}
	EndGlobalSection
EndGlobal
